
Microsoft Visual Studio Solution File, Format Version 12.00
# Visual Studio 15
VisualStudioVersion = 15.0.27428.2027
MinimumVisualStudioVersion = 10.0.40219.1
Project("{FAE04EC0-301F-11D3-BF4B-00C04F79EFBC}") = "4.2 Clean user input", "4.2 Clean user input.csproj", "{4EAFCE8D-134E-41E3-8718-C9837419B3E7}"
EndProject
Global
	GlobalSection(SolutionConfigurationPlatforms) = preSolution
		Debug|Any CPU = Debug|Any CPU
		Release|Any CPU = Release|Any CPU
	EndGlobalSection
	GlobalSection(ProjectConfigurationPlatforms) = postSolution
		{4EAFCE8D-134E-41E3-8718-C9837419B3E7}.Debug|Any CPU.ActiveCfg = Debug|Any CPU
		{4EAFCE8D-134E-41E3-8718-C9837419B3E7}.Debug|Any CPU.Build.0 = Debug|Any CPU
		{4EAFCE8D-134E-41E3-8718-C9837419B3E7}.Release|Any CPU.ActiveCfg = Release|Any CPU
		{4EAFCE8D-134E-41E3-8718-C9837419B3E7}.Release|Any CPU.Build.0 = Release|Any CPU
	EndGlobalSection
	GlobalSection(SolutionProperties) = preSolution
		HideSolutionNode = FALSE
	EndGlobalSection
	GlobalSection(ExtensibilityGlobals) = postSolution
		SolutionGuid = {CB6B37C7-EBDA-4B6A-8035-3A9B603235CB}
	EndGlobalSection
EndGlobal
