
Microsoft Visual Studio Solution File, Format Version 12.00
# Visual Studio 15
VisualStudioVersion = 15.0.27428.2027
MinimumVisualStudioVersion = 10.0.40219.1
Project("{FAE04EC0-301F-11D3-BF4B-00C04F79EFBC}") = "11.2 Work with list of Costumers", "11.2 Work with list of Costumers\11.2 Work with list of Costumers.csproj", "{274D32A2-1CA4-4E4D-8170-3BA2CC13EFFB}"
EndProject
Global
	GlobalSection(SolutionConfigurationPlatforms) = preSolution
		Debug|Any CPU = Debug|Any CPU
		Release|Any CPU = Release|Any CPU
	EndGlobalSection
	GlobalSection(ProjectConfigurationPlatforms) = postSolution
		{274D32A2-1CA4-4E4D-8170-3BA2CC13EFFB}.Debug|Any CPU.ActiveCfg = Debug|Any CPU
		{274D32A2-1CA4-4E4D-8170-3BA2CC13EFFB}.Debug|Any CPU.Build.0 = Debug|Any CPU
		{274D32A2-1CA4-4E4D-8170-3BA2CC13EFFB}.Release|Any CPU.ActiveCfg = Release|Any CPU
		{274D32A2-1CA4-4E4D-8170-3BA2CC13EFFB}.Release|Any CPU.Build.0 = Release|Any CPU
	EndGlobalSection
	GlobalSection(SolutionProperties) = preSolution
		HideSolutionNode = FALSE
	EndGlobalSection
	GlobalSection(ExtensibilityGlobals) = postSolution
		SolutionGuid = {8CB6F28B-949B-476E-B1B4-FD6E1D1A6D31}
	EndGlobalSection
EndGlobal
