
Microsoft Visual Studio Solution File, Format Version 12.00
# Visual Studio 15
VisualStudioVersion = 15.0.27428.2027
MinimumVisualStudioVersion = 10.0.40219.1
Project("{FAE04EC0-301F-11D3-BF4B-00C04F79EFBC}") = "8.2 Files and exceptions", "8.2 Files and exceptions\8.2 Files and exceptions.csproj", "{0E187FDD-5EDF-4963-858B-BC92D60ACBF9}"
EndProject
Global
	GlobalSection(SolutionConfigurationPlatforms) = preSolution
		Debug|Any CPU = Debug|Any CPU
		Release|Any CPU = Release|Any CPU
	EndGlobalSection
	GlobalSection(ProjectConfigurationPlatforms) = postSolution
		{0E187FDD-5EDF-4963-858B-BC92D60ACBF9}.Debug|Any CPU.ActiveCfg = Debug|Any CPU
		{0E187FDD-5EDF-4963-858B-BC92D60ACBF9}.Debug|Any CPU.Build.0 = Debug|Any CPU
		{0E187FDD-5EDF-4963-858B-BC92D60ACBF9}.Release|Any CPU.ActiveCfg = Release|Any CPU
		{0E187FDD-5EDF-4963-858B-BC92D60ACBF9}.Release|Any CPU.Build.0 = Release|Any CPU
	EndGlobalSection
	GlobalSection(SolutionProperties) = preSolution
		HideSolutionNode = FALSE
	EndGlobalSection
	GlobalSection(ExtensibilityGlobals) = postSolution
		SolutionGuid = {C0B686C0-3962-4CC1-8513-EA23A48610A7}
	EndGlobalSection
EndGlobal
