
Microsoft Visual Studio Solution File, Format Version 12.00
# Visual Studio 15
VisualStudioVersion = 15.0.27428.2027
MinimumVisualStudioVersion = 10.0.40219.1
Project("{FAE04EC0-301F-11D3-BF4B-00C04F79EFBC}") = "6.1 Creating circles", "6.1 Creating circles.csproj", "{65B88369-7AA5-4228-B72A-964495A603F2}"
EndProject
Global
	GlobalSection(SolutionConfigurationPlatforms) = preSolution
		Debug|Any CPU = Debug|Any CPU
		Release|Any CPU = Release|Any CPU
	EndGlobalSection
	GlobalSection(ProjectConfigurationPlatforms) = postSolution
		{65B88369-7AA5-4228-B72A-964495A603F2}.Debug|Any CPU.ActiveCfg = Debug|Any CPU
		{65B88369-7AA5-4228-B72A-964495A603F2}.Debug|Any CPU.Build.0 = Debug|Any CPU
		{65B88369-7AA5-4228-B72A-964495A603F2}.Release|Any CPU.ActiveCfg = Release|Any CPU
		{65B88369-7AA5-4228-B72A-964495A603F2}.Release|Any CPU.Build.0 = Release|Any CPU
	EndGlobalSection
	GlobalSection(SolutionProperties) = preSolution
		HideSolutionNode = FALSE
	EndGlobalSection
	GlobalSection(ExtensibilityGlobals) = postSolution
		SolutionGuid = {E8B15AAE-3836-4DF8-B008-A6EB77500537}
	EndGlobalSection
EndGlobal
