
Microsoft Visual Studio Solution File, Format Version 12.00
# Visual Studio 15
VisualStudioVersion = 15.0.27428.2027
MinimumVisualStudioVersion = 10.0.40219.1
Project("{FAE04EC0-301F-11D3-BF4B-00C04F79EFBC}") = "9.2 Watch a folder", "9.2 Watch a folder\9.2 Watch a folder.csproj", "{7915385E-DCD8-483C-BBB9-A747F8CFCCEC}"
EndProject
Global
	GlobalSection(SolutionConfigurationPlatforms) = preSolution
		Debug|Any CPU = Debug|Any CPU
		Release|Any CPU = Release|Any CPU
	EndGlobalSection
	GlobalSection(ProjectConfigurationPlatforms) = postSolution
		{7915385E-DCD8-483C-BBB9-A747F8CFCCEC}.Debug|Any CPU.ActiveCfg = Debug|Any CPU
		{7915385E-DCD8-483C-BBB9-A747F8CFCCEC}.Debug|Any CPU.Build.0 = Debug|Any CPU
		{7915385E-DCD8-483C-BBB9-A747F8CFCCEC}.Release|Any CPU.ActiveCfg = Release|Any CPU
		{7915385E-DCD8-483C-BBB9-A747F8CFCCEC}.Release|Any CPU.Build.0 = Release|Any CPU
	EndGlobalSection
	GlobalSection(SolutionProperties) = preSolution
		HideSolutionNode = FALSE
	EndGlobalSection
	GlobalSection(ExtensibilityGlobals) = postSolution
		SolutionGuid = {3D3152D6-7D8E-463E-A174-C3E3C90F9FF2}
	EndGlobalSection
EndGlobal
