
Microsoft Visual Studio Solution File, Format Version 12.00
# Visual Studio 15
VisualStudioVersion = 15.0.27428.2027
MinimumVisualStudioVersion = 10.0.40219.1
Project("{FAE04EC0-301F-11D3-BF4B-00C04F79EFBC}") = "3.6 If statement", "3.6 If statement.csproj", "{014AEFD9-4001-4D55-AA83-F53A9D95ED4B}"
EndProject
Global
	GlobalSection(SolutionConfigurationPlatforms) = preSolution
		Debug|Any CPU = Debug|Any CPU
		Release|Any CPU = Release|Any CPU
	EndGlobalSection
	GlobalSection(ProjectConfigurationPlatforms) = postSolution
		{014AEFD9-4001-4D55-AA83-F53A9D95ED4B}.Debug|Any CPU.ActiveCfg = Debug|Any CPU
		{014AEFD9-4001-4D55-AA83-F53A9D95ED4B}.Debug|Any CPU.Build.0 = Debug|Any CPU
		{014AEFD9-4001-4D55-AA83-F53A9D95ED4B}.Release|Any CPU.ActiveCfg = Release|Any CPU
		{014AEFD9-4001-4D55-AA83-F53A9D95ED4B}.Release|Any CPU.Build.0 = Release|Any CPU
	EndGlobalSection
	GlobalSection(SolutionProperties) = preSolution
		HideSolutionNode = FALSE
	EndGlobalSection
	GlobalSection(ExtensibilityGlobals) = postSolution
		SolutionGuid = {D7B96B3A-CA9D-4C0D-9C77-1EDDC4CBA3D2}
	EndGlobalSection
EndGlobal
