
Microsoft Visual Studio Solution File, Format Version 12.00
# Visual Studio 15
VisualStudioVersion = 15.0.27428.2027
MinimumVisualStudioVersion = 10.0.40219.1
Project("{FAE04EC0-301F-11D3-BF4B-00C04F79EFBC}") = "6.2 Create cubes", "6.2 Create cubes.csproj", "{07A49D7E-C9B7-47FB-BBA1-102F7D95389C}"
EndProject
Global
	GlobalSection(SolutionConfigurationPlatforms) = preSolution
		Debug|Any CPU = Debug|Any CPU
		Release|Any CPU = Release|Any CPU
	EndGlobalSection
	GlobalSection(ProjectConfigurationPlatforms) = postSolution
		{07A49D7E-C9B7-47FB-BBA1-102F7D95389C}.Debug|Any CPU.ActiveCfg = Debug|Any CPU
		{07A49D7E-C9B7-47FB-BBA1-102F7D95389C}.Debug|Any CPU.Build.0 = Debug|Any CPU
		{07A49D7E-C9B7-47FB-BBA1-102F7D95389C}.Release|Any CPU.ActiveCfg = Release|Any CPU
		{07A49D7E-C9B7-47FB-BBA1-102F7D95389C}.Release|Any CPU.Build.0 = Release|Any CPU
	EndGlobalSection
	GlobalSection(SolutionProperties) = preSolution
		HideSolutionNode = FALSE
	EndGlobalSection
	GlobalSection(ExtensibilityGlobals) = postSolution
		SolutionGuid = {4AC13DE4-5A37-43CB-A72B-6B6432D82A6F}
	EndGlobalSection
EndGlobal
